
Microsoft Visual Studio Solution File, Format Version 12.00
# Visual Studio Version 17
VisualStudioVersion = 17.7.34031.279
MinimumVisualStudioVersion = 10.0.40219.1
Project("{FAE04EC0-301F-11D3-BF4B-00C04F79EFBC}") = "OperationsStrings", "OperationsStrings\OperationsStrings.csproj", "{B38F3D95-35E4-4A67-9B2B-0D31367F952A}"
EndProject
Global
	GlobalSection(SolutionConfigurationPlatforms) = preSolution
		Debug|Any CPU = Debug|Any CPU
		Release|Any CPU = Release|Any CPU
	EndGlobalSection
	GlobalSection(ProjectConfigurationPlatforms) = postSolution
		{B38F3D95-35E4-4A67-9B2B-0D31367F952A}.Debug|Any CPU.ActiveCfg = Debug|Any CPU
		{B38F3D95-35E4-4A67-9B2B-0D31367F952A}.Debug|Any CPU.Build.0 = Debug|Any CPU
		{B38F3D95-35E4-4A67-9B2B-0D31367F952A}.Release|Any CPU.ActiveCfg = Release|Any CPU
		{B38F3D95-35E4-4A67-9B2B-0D31367F952A}.Release|Any CPU.Build.0 = Release|Any CPU
	EndGlobalSection
	GlobalSection(SolutionProperties) = preSolution
		HideSolutionNode = FALSE
	EndGlobalSection
	GlobalSection(ExtensibilityGlobals) = postSolution
		SolutionGuid = {E9D8E009-8C79-4CEC-A575-888F57015142}
	EndGlobalSection
EndGlobal
